
Microsoft Visual Studio Solution File, Format Version 12.00
# Visual Studio Version 16
VisualStudioVersion = 16.0.30002.166
MinimumVisualStudioVersion = 10.0.40219.1
Project("{FAE04EC0-301F-11D3-BF4B-00C04F79EFBC}") = "PrisonServClient", "PrisonServClient\PrisonServClient.csproj", "{04DC280D-EF1D-4A87-BFD0-AC005B3E3D9A}"
EndProject
Project("{FAE04EC0-301F-11D3-BF4B-00C04F79EFBC}") = "GrpcClientStuff", "GrpcClientStuff\GrpcClientStuff.csproj", "{14439906-4C64-4989-B35E-CAA5BFB915B2}"
EndProject
Global
	GlobalSection(SolutionConfigurationPlatforms) = preSolution
		Debug|Any CPU = Debug|Any CPU
		Release|Any CPU = Release|Any CPU
	EndGlobalSection
	GlobalSection(ProjectConfigurationPlatforms) = postSolution
		{04DC280D-EF1D-4A87-BFD0-AC005B3E3D9A}.Debug|Any CPU.ActiveCfg = Debug|Any CPU
		{04DC280D-EF1D-4A87-BFD0-AC005B3E3D9A}.Debug|Any CPU.Build.0 = Debug|Any CPU
		{04DC280D-EF1D-4A87-BFD0-AC005B3E3D9A}.Release|Any CPU.ActiveCfg = Release|Any CPU
		{04DC280D-EF1D-4A87-BFD0-AC005B3E3D9A}.Release|Any CPU.Build.0 = Release|Any CPU
		{14439906-4C64-4989-B35E-CAA5BFB915B2}.Debug|Any CPU.ActiveCfg = Debug|Any CPU
		{14439906-4C64-4989-B35E-CAA5BFB915B2}.Debug|Any CPU.Build.0 = Debug|Any CPU
		{14439906-4C64-4989-B35E-CAA5BFB915B2}.Release|Any CPU.ActiveCfg = Release|Any CPU
		{14439906-4C64-4989-B35E-CAA5BFB915B2}.Release|Any CPU.Build.0 = Release|Any CPU
	EndGlobalSection
	GlobalSection(SolutionProperties) = preSolution
		HideSolutionNode = FALSE
	EndGlobalSection
	GlobalSection(ExtensibilityGlobals) = postSolution
		SolutionGuid = {B37D7E31-C403-451B-9A22-045086133597}
	EndGlobalSection
EndGlobal
